
Microsoft Visual Studio Solution File, Format Version 12.00
# Visual Studio Version 16
VisualStudioVersion = 16.0.31624.102
MinimumVisualStudioVersion = 10.0.40219.1
Project("{FAE04EC0-301F-11D3-BF4B-00C04F79EFBC}") = "Persistens", "Persistens\Persistens.csproj", "{88F08136-5B2A-4ACE-A779-E8E4803C2613}"
EndProject
Project("{FAE04EC0-301F-11D3-BF4B-00C04F79EFBC}") = "PersistensTest", "PersistensTest\PersistensTest.csproj", "{73A7925D-3678-4911-8CFB-D3E1A62D7DB9}"
EndProject
Global
	GlobalSection(SolutionConfigurationPlatforms) = preSolution
		Debug|Any CPU = Debug|Any CPU
		Release|Any CPU = Release|Any CPU
	EndGlobalSection
	GlobalSection(ProjectConfigurationPlatforms) = postSolution
		{88F08136-5B2A-4ACE-A779-E8E4803C2613}.Debug|Any CPU.ActiveCfg = Debug|Any CPU
		{88F08136-5B2A-4ACE-A779-E8E4803C2613}.Debug|Any CPU.Build.0 = Debug|Any CPU
		{88F08136-5B2A-4ACE-A779-E8E4803C2613}.Release|Any CPU.ActiveCfg = Release|Any CPU
		{88F08136-5B2A-4ACE-A779-E8E4803C2613}.Release|Any CPU.Build.0 = Release|Any CPU
		{73A7925D-3678-4911-8CFB-D3E1A62D7DB9}.Debug|Any CPU.ActiveCfg = Debug|Any CPU
		{73A7925D-3678-4911-8CFB-D3E1A62D7DB9}.Debug|Any CPU.Build.0 = Debug|Any CPU
		{73A7925D-3678-4911-8CFB-D3E1A62D7DB9}.Release|Any CPU.ActiveCfg = Release|Any CPU
		{73A7925D-3678-4911-8CFB-D3E1A62D7DB9}.Release|Any CPU.Build.0 = Release|Any CPU
	EndGlobalSection
	GlobalSection(SolutionProperties) = preSolution
		HideSolutionNode = FALSE
	EndGlobalSection
	GlobalSection(ExtensibilityGlobals) = postSolution
		SolutionGuid = {88EA4792-0194-452E-AF5A-60EAA31508A1}
	EndGlobalSection
EndGlobal
